// !$*UTF8*$!
{
	archiveVersion = 1;
	classes = {
	};
	objectVersion = 50;
	objects = {

/* Begin PBXBuildFile section */
		C7B6EFE12223C4AD001C0F90 /* AppDelegate.m in Sources */ = {isa = PBXBuildFile; fileRef = C7B6EFE02223C4AD001C0F90 /* AppDelegate.m */; };
		C7B6EFE42223C4AD001C0F90 /* ViewController.m in Sources */ = {isa = PBXBuildFile; fileRef = C7B6EFE32223C4AD001C0F90 /* ViewController.m */; };
		C7B6EFE72223C4AD001C0F90 /* Main.storyboard in Resources */ = {isa = PBXBuildFile; fileRef = C7B6EFE52223C4AD001C0F90 /* Main.storyboard */; };
		C7B6EFE92223C4AE001C0F90 /* Assets.xcassets in Resources */ = {isa = PBXBuildFile; fileRef = C7B6EFE82223C4AE001C0F90 /* Assets.xcassets */; };
		C7B6EFEC2223C4AE001C0F90 /* LaunchScreen.storyboard in Resources */ = {isa = PBXBuildFile; fileRef = C7B6EFEA2223C4AE001C0F90 /* LaunchScreen.storyboard */; };
		C7B6EFEF2223C4AE001C0F90 /* main.m in Sources */ = {isa = PBXBuildFile; fileRef = C7B6EFEE2223C4AE001C0F90 /* main.m */; };
		C7B6EFF82223C4E8001C0F90 /* RSACryptor.m in Sources */ = {isa = PBXBuildFile; fileRef = C7B6EFF72223C4E8001C0F90 /* RSACryptor.m */; };
		C7B6EFFB2223C66D001C0F90 /* p.p12 in Resources */ = {isa = PBXBuildFile; fileRef = C7B6EFF92223C66D001C0F90 /* p.p12 */; };
		C7B6EFFC2223C66D001C0F90 /* rsacert.der in Resources */ = {isa = PBXBuildFile; fileRef = C7B6EFFA2223C66D001C0F90 /* rsacert.der */; };
/* End PBXBuildFile section */

/* Begin PBXFileReference section */
		C7B6EFDC2223C4AD001C0F90 /* RSADemo.app */ = {isa = PBXFileReference; explicitFileType = wrapper.application; includeInIndex = 0; path = RSADemo.app; sourceTree = BUILT_PRODUCTS_DIR; };
		C7B6EFDF2223C4AD001C0F90 /* AppDelegate.h */ = {isa = PBXFileReference; lastKnownFileType = sourcecode.c.h; path = AppDelegate.h; sourceTree = "<group>"; };
		C7B6EFE02223C4AD001C0F90 /* AppDelegate.m */ = {isa = PBXFileReference; lastKnownFileType = sourcecode.c.objc; path = AppDelegate.m; sourceTree = "<group>"; };
		C7B6EFE22223C4AD001C0F90 /* ViewController.h */ = {isa = PBXFileReference; lastKnownFileType = sourcecode.c.h; path = ViewController.h; sourceTree = "<group>"; };
		C7B6EFE32223C4AD001C0F90 /* ViewController.m */ = {isa = PBXFileReference; lastKnownFileType = sourcecode.c.objc; path = ViewController.m; sourceTree = "<group>"; };
		C7B6EFE62223C4AD001C0F90 /* Base */ = {isa = PBXFileReference; lastKnownFileType = file.storyboard; name = Base; path = Base.lproj/Main.storyboard; sourceTree = "<group>"; };
		C7B6EFE82223C4AE001C0F90 /* Assets.xcassets */ = {isa = PBXFileReference; lastKnownFileType = folder.assetcatalog; path = Assets.xcassets; sourceTree = "<group>"; };
		C7B6EFEB2223C4AE001C0F90 /* Base */ = {isa = PBXFileReference; lastKnownFileType = file.storyboard; name = Base; path = Base.lproj/LaunchScreen.storyboard; sourceTree = "<group>"; };
		C7B6EFED2223C4AE001C0F90 /* Info.plist */ = {isa = PBXFileReference; lastKnownFileType = text.plist.xml; path = Info.plist; sourceTree = "<group>"; };
		C7B6EFEE2223C4AE001C0F90 /* main.m */ = {isa = PBXFileReference; lastKnownFileType = sourcecode.c.objc; path = main.m; sourceTree = "<group>"; };
		C7B6EFF62223C4E8001C0F90 /* RSACryptor.h */ = {isa = PBXFileReference; fileEncoding = 4; lastKnownFileType = sourcecode.c.h; path = RSACryptor.h; sourceTree = "<group>"; };
		C7B6EFF72223C4E8001C0F90 /* RSACryptor.m */ = {isa = PBXFileReference; fileEncoding = 4; lastKnownFileType = sourcecode.c.objc; path = RSACryptor.m; sourceTree = "<group>"; };
		C7B6EFF92223C66D001C0F90 /* p.p12 */ = {isa = PBXFileReference; lastKnownFileType = file; path = p.p12; sourceTree = "<group>"; };
		C7B6EFFA2223C66D001C0F90 /* rsacert.der */ = {isa = PBXFileReference; lastKnownFileType = file; path = rsacert.der; sourceTree = "<group>"; };
/* End PBXFileReference section */

/* Begin PBXFrameworksBuildPhase section */
		C7B6EFD92223C4AD001C0F90 /* Frameworks */ = {
			isa = PBXFrameworksBuildPhase;
			buildActionMask = 2147483647;
			files = (
			);
			runOnlyForDeploymentPostprocessing = 0;
		};
/* End PBXFrameworksBuildPhase section */

/* Begin PBXGroup section */
		C7B6EFD32223C4AD001C0F90 = {
			isa = PBXGroup;
			children = (
				C7B6EFDE2223C4AD001C0F90 /* RSADemo */,
				C7B6EFDD2223C4AD001C0F90 /* Products */,
			);
			sourceTree = "<group>";
		};
		C7B6EFDD2223C4AD001C0F90 /* Products */ = {
			isa = PBXGroup;
			children = (
				C7B6EFDC2223C4AD001C0F90 /* RSADemo.app */,
			);
			name = Products;
			sourceTree = "<group>";
		};
		C7B6EFDE2223C4AD001C0F90 /* RSADemo */ = {
			isa = PBXGroup;
			children = (
				C7B6EFF52223C4E8001C0F90 /* Cipher-RSA */,
				C7B6EFF92223C66D001C0F90 /* p.p12 */,
				C7B6EFFA2223C66D001C0F90 /* rsacert.der */,
				C7B6EFDF2223C4AD001C0F90 /* AppDelegate.h */,
				C7B6EFE02223C4AD001C0F90 /* AppDelegate.m */,
				C7B6EFE22223C4AD001C0F90 /* ViewController.h */,
				C7B6EFE32223C4AD001C0F90 /* ViewController.m */,
				C7B6EFE52223C4AD001C0F90 /* Main.storyboard */,
				C7B6EFE82223C4AE001C0F90 /* Assets.xcassets */,
				C7B6EFEA2223C4AE001C0F90 /* LaunchScreen.storyboard */,
				C7B6EFED2223C4AE001C0F90 /* Info.plist */,
				C7B6EFEE2223C4AE001C0F90 /* main.m */,
			);
			path = RSADemo;
			sourceTree = "<group>";
		};
		C7B6EFF52223C4E8001C0F90 /* Cipher-RSA */ = {
			isa = PBXGroup;
			children = (
				C7B6EFF62223C4E8001C0F90 /* RSACryptor.h */,
				C7B6EFF72223C4E8001C0F90 /* RSACryptor.m */,
			);
			path = "Cipher-RSA";
			sourceTree = "<group>";
		};
/* End PBXGroup section */

/* Begin PBXNativeTarget section */
		C7B6EFDB2223C4AD001C0F90 /* RSADemo */ = {
			isa = PBXNativeTarget;
			buildConfigurationList = C7B6EFF22223C4AE001C0F90 /* Build configuration list for PBXNativeTarget "RSADemo" */;
			buildPhases = (
				C7B6EFD82223C4AD001C0F90 /* Sources */,
				C7B6EFD92223C4AD001C0F90 /* Frameworks */,
				C7B6EFDA2223C4AD001C0F90 /* Resources */,
			);
			buildRules = (
			);
			dependencies = (
			);
			name = RSADemo;
			productName = RSADemo;
			productReference = C7B6EFDC2223C4AD001C0F90 /* RSADemo.app */;
			productType = "com.apple.product-type.application";
		};
/* End PBXNativeTarget section */

/* Begin PBXProject section */
		C7B6EFD42223C4AD001C0F90 /* Project object */ = {
			isa = PBXProject;
			attributes = {
				LastUpgradeCheck = 1010;
				ORGANIZATIONNAME = kinkenyuen;
				TargetAttributes = {
					C7B6EFDB2223C4AD001C0F90 = {
						CreatedOnToolsVersion = 10.1;
					};
				};
			};
			buildConfigurationList = C7B6EFD72223C4AD001C0F90 /* Build configuration list for PBXProject "RSADemo" */;
			compatibilityVersion = "Xcode 9.3";
			developmentRegion = en;
			hasScannedForEncodings = 0;
			knownRegions = (
				en,
				Base,
			);
			mainGroup = C7B6EFD32223C4AD001C0F90;
			productRefGroup = C7B6EFDD2223C4AD001C0F90 /* Products */;
			projectDirPath = "";
			projectRoot = "";
			targets = (
				C7B6EFDB2223C4AD001C0F90 /* RSADemo */,
			);
		};
/* End PBXProject section */

/* Begin PBXResourcesBuildPhase section */
		C7B6EFDA2223C4AD001C0F90 /* Resources */ = {
			isa = PBXResourcesBuildPhase;
			buildActionMask = 2147483647;
			files = (
				C7B6EFEC2223C4AE001C0F90 /* LaunchScreen.storyboard in Resources */,
				C7B6EFE92223C4AE001C0F90 /* Assets.xcassets in Resources */,
				C7B6EFFB2223C66D001C0F90 /* p.p12 in Resources */,
				C7B6EFE72223C4AD001C0F90 /* Main.storyboard in Resources */,
				C7B6EFFC2223C66D001C0F90 /* rsacert.der in Resources */,
			);
			runOnlyForDeploymentPostprocessing = 0;
		};
/* End PBXResourcesBuildPhase section */

/* Begin PBXSourcesBuildPhase section */
		C7B6EFD82223C4AD001C0F90 /* Sources */ = {
			isa = PBXSourcesBuildPhase;
			buildActionMask = 2147483647;
			files = (
				C7B6EFF82223C4E8001C0F90 /* RSACryptor.m in Sources */,
				C7B6EFE42223C4AD001C0F90 /* ViewController.m in Sources */,
				C7B6EFEF2223C4AE001C0F90 /* main.m in Sources */,
				C7B6EFE12223C4AD001C0F90 /* AppDelegate.m in Sources */,
			);
			runOnlyForDeploymentPostprocessing = 0;
		};
/* End PBXSourcesBuildPhase section */

/* Begin PBXVariantGroup section */
		C7B6EFE52223C4AD001C0F90 /* Main.storyboard */ = {
			isa = PBXVariantGroup;
			children = (
				C7B6EFE62223C4AD001C0F90 /* Base */,
			);
			name = Main.storyboard;
			sourceTree = "<group>";
		};
		C7B6EFEA2223C4AE001C0F90 /* LaunchScreen.storyboard */ = {
			isa = PBXVariantGroup;
			children = (
				C7B6EFEB2223C4AE001C0F90 /* Base */,
			);
			name = LaunchScreen.storyboard;
			sourceTree = "<group>";
		};
/* End PBXVariantGroup section */

/* Begin XCBuildConfiguration section */
		C7B6EFF02223C4AE001C0F90 /* Debug */ = {
			isa = XCBuildConfiguration;
			buildSettings = {
				ALWAYS_SEARCH_USER_PATHS = NO;
				CLANG_ANALYZER_NONNULL = YES;
				CLANG_ANALYZER_NUMBER_OBJECT_CONVERSION = YES_AGGRESSIVE;
				CLANG_CXX_LANGUAGE_STANDARD = "gnu++14";
				CLANG_CXX_LIBRARY = "libc++";
				CLANG_ENABLE_MODULES = YES;
				CLANG_ENABLE_OBJC_ARC = YES;
				CLANG_ENABLE_OBJC_WEAK = YES;
				CLANG_WARN_BLOCK_CAPTURE_AUTORELEASING = YES;
				CLANG_WARN_BOOL_CONVERSION = YES;
				CLANG_WARN_COMMA = YES;
				CLANG_WARN_CONSTANT_CONVERSION = YES;
				CLANG_WARN_DEPRECATED_OBJC_IMPLEMENTATIONS = YES;
				CLANG_WARN_DIRECT_OBJC_ISA_USAGE = YES_ERROR;
				CLANG_WARN_DOCUMENTATION_COMMENTS = YES;
				CLANG_WARN_EMPTY_BODY = YES;
				CLANG_WARN_ENUM_CONVERSION = YES;
				CLANG_WARN_INFINITE_RECURSION = YES;
				CLANG_WARN_INT_CONVERSION = YES;
				CLANG_WARN_NON_LITERAL_NULL_CONVERSION = YES;
				CLANG_WARN_OBJC_IMPLICIT_RETAIN_SELF = YES;
				CLANG_WARN_OBJC_LITERAL_CONVERSION = YES;
				CLANG_WARN_OBJC_ROOT_CLASS = YES_ERROR;
				CLANG_WARN_RANGE_LOOP_ANALYSIS = YES;
				CLANG_WARN_STRICT_PROTOTYPES = YES;
				CLANG_WARN_SUSPICIOUS_MOVE = YES;
				CLANG_WARN_UNGUARDED_AVAILABILITY = YES_AGGRESSIVE;
				CLANG_WARN_UNREACHABLE_CODE = YES;
				CLANG_WARN__DUPLICATE_METHOD_MATCH = YES;
				CODE_SIGN_IDENTITY = "iPhone Developer";
				COPY_PHASE_STRIP = NO;
				DEBUG_INFORMATION_FORMAT = dwarf;
				ENABLE_STRICT_OBJC_MSGSEND = YES;
				ENABLE_TESTABILITY = YES;
				GCC_C_LANGUAGE_STANDARD = gnu11;
				GCC_DYNAMIC_NO_PIC = NO;
				GCC_NO_COMMON_BLOCKS = YES;
				GCC_OPTIMIZATION_LEVEL = 0;
				GCC_PREPROCESSOR_DEFINITIONS = (
					"DEBUG=1",
					"$(inherited)",
				);
				GCC_WARN_64_TO_32_BIT_CONVERSION = YES;
				GCC_WARN_ABOUT_RETURN_TYPE = YES_ERROR;
				GCC_WARN_UNDECLARED_SELECTOR = YES;
				GCC_WARN_UNINITIALIZED_AUTOS = YES_AGGRESSIVE;
				GCC_WARN_UNUSED_FUNCTION = YES;
				GCC_WARN_UNUSED_VARIABLE = YES;
				IPHONEOS_DEPLOYMENT_TARGET = 12.1;
				MTL_ENABLE_DEBUG_INFO = INCLUDE_SOURCE;
				MTL_FAST_MATH = YES;
				ONLY_ACTIVE_ARCH = YES;
				SDKROOT = iphoneos;
			};
			name = Debug;
		};
		C7B6EFF12223C4AE001C0F90 /* Release */ = {
			isa = XCBuildConfiguration;
			buildSettings = {
				ALWAYS_SEARCH_USER_PATHS = NO;
				CLANG_ANALYZER_NONNULL = YES;
				CLANG_ANALYZER_NUMBER_OBJECT_CONVERSION = YES_AGGRESSIVE;
				CLANG_CXX_LANGUAGE_STANDARD = "gnu++14";
				CLANG_CXX_LIBRARY = "libc++";
				CLANG_ENABLE_MODULES = YES;
				CLANG_ENABLE_OBJC_ARC = YES;
				CLANG_ENABLE_OBJC_WEAK = YES;
				CLANG_WARN_BLOCK_CAPTURE_AUTORELEASING = YES;
				CLANG_WARN_BOOL_CONVERSION = YES;
				CLANG_WARN_COMMA = YES;
				CLANG_WARN_CONSTANT_CONVERSION = YES;
				CLANG_WARN_DEPRECATED_OBJC_IMPLEMENTATIONS = YES;
				CLANG_WARN_DIRECT_OBJC_ISA_USAGE = YES_ERROR;
				CLANG_WARN_DOCUMENTATION_COMMENTS = YES;
				CLANG_WARN_EMPTY_BODY = YES;
				CLANG_WARN_ENUM_CONVERSION = YES;
				CLANG_WARN_INFINITE_RECURSION = YES;
				CLANG_WARN_INT_CONVERSION = YES;
				CLANG_WARN_NON_LITERAL_NULL_CONVERSION = YES;
				CLANG_WARN_OBJC_IMPLICIT_RETAIN_SELF = YES;
				CLANG_WARN_OBJC_LITERAL_CONVERSION = YES;
				CLANG_WARN_OBJC_ROOT_CLASS = YES_ERROR;
				CLANG_WARN_RANGE_LOOP_ANALYSIS = YES;
				CLANG_WARN_STRICT_PROTOTYPES = YES;
				CLANG_WARN_SUSPICIOUS_MOVE = YES;
				CLANG_WARN_UNGUARDED_AVAILABILITY = YES_AGGRESSIVE;
				CLANG_WARN_UNREACHABLE_CODE = YES;
				CLANG_WARN__DUPLICATE_METHOD_MATCH = YES;
				CODE_SIGN_IDENTITY = "iPhone Developer";
				COPY_PHASE_STRIP = NO;
				DEBUG_INFORMATION_FORMAT = "dwarf-with-dsym";
				ENABLE_NS_ASSERTIONS = NO;
				ENABLE_STRICT_OBJC_MSGSEND = YES;
				GCC_C_LANGUAGE_STANDARD = gnu11;
				GCC_NO_COMMON_BLOCKS = YES;
				GCC_WARN_64_TO_32_BIT_CONVERSION = YES;
				GCC_WARN_ABOUT_RETURN_TYPE = YES_ERROR;
				GCC_WARN_UNDECLARED_SELECTOR = YES;
				GCC_WARN_UNINITIALIZED_AUTOS = YES_AGGRESSIVE;
				GCC_WARN_UNUSED_FUNCTION = YES;
				GCC_WARN_UNUSED_VARIABLE = YES;
				IPHONEOS_DEPLOYMENT_TARGET = 12.1;
				MTL_ENABLE_DEBUG_INFO = NO;
				MTL_FAST_MATH = YES;
				SDKROOT = iphoneos;
				VALIDATE_PRODUCT = YES;
			};
			name = Release;
		};
		C7B6EFF32223C4AE001C0F90 /* Debug */ = {
			isa = XCBuildConfiguration;
			buildSettings = {
				ASSETCATALOG_COMPILER_APPICON_NAME = AppIcon;
				CODE_SIGN_STYLE = Automatic;
				DEVELOPMENT_TEAM = 23C893VL5S;
				INFOPLIST_FILE = RSADemo/Info.plist;
				LD_RUNPATH_SEARCH_PATHS = (
					"$(inherited)",
					"@executable_path/Frameworks",
				);
				PRODUCT_BUNDLE_IDENTIFIER = com.kinkenyuen.RSADemo;
				PRODUCT_NAME = "$(TARGET_NAME)";
				TARGETED_DEVICE_FAMILY = "1,2";
			};
			name = Debug;
		};
		C7B6EFF42223C4AE001C0F90 /* Release */ = {
			isa = XCBuildConfiguration;
			buildSettings = {
				ASSETCATALOG_COMPILER_APPICON_NAME = AppIcon;
				CODE_SIGN_STYLE = Automatic;
				DEVELOPMENT_TEAM = 23C893VL5S;
				INFOPLIST_FILE = RSADemo/Info.plist;
				LD_RUNPATH_SEARCH_PATHS = (
					"$(inherited)",
					"@executable_path/Frameworks",
				);
				PRODUCT_BUNDLE_IDENTIFIER = com.kinkenyuen.RSADemo;
				PRODUCT_NAME = "$(TARGET_NAME)";
				TARGETED_DEVICE_FAMILY = "1,2";
			};
			name = Release;
		};
/* End XCBuildConfiguration section */

/* Begin XCConfigurationList section */
		C7B6EFD72223C4AD001C0F90 /* Build configuration list for PBXProject "RSADemo" */ = {
			isa = XCConfigurationList;
			buildConfigurations = (
				C7B6EFF02223C4AE001C0F90 /* Debug */,
				C7B6EFF12223C4AE001C0F90 /* Release */,
			);
			defaultConfigurationIsVisible = 0;
			defaultConfigurationName = Release;
		};
		C7B6EFF22223C4AE001C0F90 /* Build configuration list for PBXNativeTarget "RSADemo" */ = {
			isa = XCConfigurationList;
			buildConfigurations = (
				C7B6EFF32223C4AE001C0F90 /* Debug */,
				C7B6EFF42223C4AE001C0F90 /* Release */,
			);
			defaultConfigurationIsVisible = 0;
			defaultConfigurationName = Release;
		};
/* End XCConfigurationList section */
	};
	rootObject = C7B6EFD42223C4AD001C0F90 /* Project object */;
}
